
Microsoft Visual Studio Solution File, Format Version 12.00
# Visual Studio Version 16
VisualStudioVersion = 16.0.30413.136
MinimumVisualStudioVersion = 15.0.26124.0
Project("{2150E333-8FDC-42A3-9474-1A3956D46DE8}") = "src", "src", "{76DA05BE-0C39-45B0-9ED4-55E841B24A9E}"
EndProject
Project("{9A19103F-16F7-4668-BE54-9A1E7A4F7556}") = "gRPCMongoDbSample.Api", "src\gRPCMongoDbSample.Api\gRPCMongoDbSample.Api.csproj", "{34D2214E-1717-4C4B-8F5C-2B1F21922AF9}"
EndProject
Project("{FAE04EC0-301F-11D3-BF4B-00C04F79EFBC}") = "gRPCClient", "src\gRPCClient\gRPCClient.csproj", "{D3F0AF58-9F0D-462C-98F9-8F59795DE810}"
EndProject
Global
	GlobalSection(SolutionConfigurationPlatforms) = preSolution
		Debug|Any CPU = Debug|Any CPU
		Debug|x64 = Debug|x64
		Debug|x86 = Debug|x86
		Release|Any CPU = Release|Any CPU
		Release|x64 = Release|x64
		Release|x86 = Release|x86
	EndGlobalSection
	GlobalSection(ProjectConfigurationPlatforms) = postSolution
		{34D2214E-1717-4C4B-8F5C-2B1F21922AF9}.Debug|Any CPU.ActiveCfg = Debug|Any CPU
		{34D2214E-1717-4C4B-8F5C-2B1F21922AF9}.Debug|Any CPU.Build.0 = Debug|Any CPU
		{34D2214E-1717-4C4B-8F5C-2B1F21922AF9}.Debug|x64.ActiveCfg = Debug|Any CPU
		{34D2214E-1717-4C4B-8F5C-2B1F21922AF9}.Debug|x64.Build.0 = Debug|Any CPU
		{34D2214E-1717-4C4B-8F5C-2B1F21922AF9}.Debug|x86.ActiveCfg = Debug|Any CPU
		{34D2214E-1717-4C4B-8F5C-2B1F21922AF9}.Debug|x86.Build.0 = Debug|Any CPU
		{34D2214E-1717-4C4B-8F5C-2B1F21922AF9}.Release|Any CPU.ActiveCfg = Release|Any CPU
		{34D2214E-1717-4C4B-8F5C-2B1F21922AF9}.Release|Any CPU.Build.0 = Release|Any CPU
		{34D2214E-1717-4C4B-8F5C-2B1F21922AF9}.Release|x64.ActiveCfg = Release|Any CPU
		{34D2214E-1717-4C4B-8F5C-2B1F21922AF9}.Release|x64.Build.0 = Release|Any CPU
		{34D2214E-1717-4C4B-8F5C-2B1F21922AF9}.Release|x86.ActiveCfg = Release|Any CPU
		{34D2214E-1717-4C4B-8F5C-2B1F21922AF9}.Release|x86.Build.0 = Release|Any CPU
		{D3F0AF58-9F0D-462C-98F9-8F59795DE810}.Debug|Any CPU.ActiveCfg = Debug|Any CPU
		{D3F0AF58-9F0D-462C-98F9-8F59795DE810}.Debug|Any CPU.Build.0 = Debug|Any CPU
		{D3F0AF58-9F0D-462C-98F9-8F59795DE810}.Debug|x64.ActiveCfg = Debug|Any CPU
		{D3F0AF58-9F0D-462C-98F9-8F59795DE810}.Debug|x64.Build.0 = Debug|Any CPU
		{D3F0AF58-9F0D-462C-98F9-8F59795DE810}.Debug|x86.ActiveCfg = Debug|Any CPU
		{D3F0AF58-9F0D-462C-98F9-8F59795DE810}.Debug|x86.Build.0 = Debug|Any CPU
		{D3F0AF58-9F0D-462C-98F9-8F59795DE810}.Release|Any CPU.ActiveCfg = Release|Any CPU
		{D3F0AF58-9F0D-462C-98F9-8F59795DE810}.Release|Any CPU.Build.0 = Release|Any CPU
		{D3F0AF58-9F0D-462C-98F9-8F59795DE810}.Release|x64.ActiveCfg = Release|Any CPU
		{D3F0AF58-9F0D-462C-98F9-8F59795DE810}.Release|x64.Build.0 = Release|Any CPU
		{D3F0AF58-9F0D-462C-98F9-8F59795DE810}.Release|x86.ActiveCfg = Release|Any CPU
		{D3F0AF58-9F0D-462C-98F9-8F59795DE810}.Release|x86.Build.0 = Release|Any CPU
	EndGlobalSection
	GlobalSection(SolutionProperties) = preSolution
		HideSolutionNode = FALSE
	EndGlobalSection
	GlobalSection(NestedProjects) = preSolution
		{34D2214E-1717-4C4B-8F5C-2B1F21922AF9} = {76DA05BE-0C39-45B0-9ED4-55E841B24A9E}
		{D3F0AF58-9F0D-462C-98F9-8F59795DE810} = {76DA05BE-0C39-45B0-9ED4-55E841B24A9E}
	EndGlobalSection
	GlobalSection(ExtensibilityGlobals) = postSolution
		SolutionGuid = {A19D3759-9C30-4189-9794-79C0E696B0C0}
	EndGlobalSection
EndGlobal
